
Microsoft Visual Studio Solution File, Format Version 12.00
# Visual Studio 15
VisualStudioVersion = 15.0.26124.0
MinimumVisualStudioVersion = 15.0.26124.0
Project("{FAE04EC0-301F-11D3-BF4B-00C04F79EFBC}") = "contact.ui", "contact.ui.csproj", "{264D1AAD-2175-4437-A775-2F5607884C42}"
EndProject
Project("{FAE04EC0-301F-11D3-BF4B-00C04F79EFBC}") = "contact.ui.tests", "Tests\contact.ui.tests.csproj", "{79CF3A9F-3C0A-4A57-A74E-EF0B8C31584A}"
EndProject
Global
	GlobalSection(SolutionConfigurationPlatforms) = preSolution
		Debug|Any CPU = Debug|Any CPU
		Debug|x64 = Debug|x64
		Debug|x86 = Debug|x86
		Release|Any CPU = Release|Any CPU
		Release|x64 = Release|x64
		Release|x86 = Release|x86
	EndGlobalSection
	GlobalSection(SolutionProperties) = preSolution
		HideSolutionNode = FALSE
	EndGlobalSection
	GlobalSection(ProjectConfigurationPlatforms) = postSolution
		{264D1AAD-2175-4437-A775-2F5607884C42}.Debug|Any CPU.ActiveCfg = Debug|Any CPU
		{264D1AAD-2175-4437-A775-2F5607884C42}.Debug|Any CPU.Build.0 = Debug|Any CPU
		{264D1AAD-2175-4437-A775-2F5607884C42}.Debug|x64.ActiveCfg = Debug|Any CPU
		{264D1AAD-2175-4437-A775-2F5607884C42}.Debug|x64.Build.0 = Debug|Any CPU
		{264D1AAD-2175-4437-A775-2F5607884C42}.Debug|x86.ActiveCfg = Debug|Any CPU
		{264D1AAD-2175-4437-A775-2F5607884C42}.Debug|x86.Build.0 = Debug|Any CPU
		{264D1AAD-2175-4437-A775-2F5607884C42}.Release|Any CPU.ActiveCfg = Release|Any CPU
		{264D1AAD-2175-4437-A775-2F5607884C42}.Release|Any CPU.Build.0 = Release|Any CPU
		{264D1AAD-2175-4437-A775-2F5607884C42}.Release|x64.ActiveCfg = Release|Any CPU
		{264D1AAD-2175-4437-A775-2F5607884C42}.Release|x64.Build.0 = Release|Any CPU
		{264D1AAD-2175-4437-A775-2F5607884C42}.Release|x86.ActiveCfg = Release|Any CPU
		{264D1AAD-2175-4437-A775-2F5607884C42}.Release|x86.Build.0 = Release|Any CPU
		{79CF3A9F-3C0A-4A57-A74E-EF0B8C31584A}.Debug|Any CPU.ActiveCfg = Debug|Any CPU
		{79CF3A9F-3C0A-4A57-A74E-EF0B8C31584A}.Debug|Any CPU.Build.0 = Debug|Any CPU
		{79CF3A9F-3C0A-4A57-A74E-EF0B8C31584A}.Debug|x64.ActiveCfg = Debug|Any CPU
		{79CF3A9F-3C0A-4A57-A74E-EF0B8C31584A}.Debug|x64.Build.0 = Debug|Any CPU
		{79CF3A9F-3C0A-4A57-A74E-EF0B8C31584A}.Debug|x86.ActiveCfg = Debug|Any CPU
		{79CF3A9F-3C0A-4A57-A74E-EF0B8C31584A}.Debug|x86.Build.0 = Debug|Any CPU
		{79CF3A9F-3C0A-4A57-A74E-EF0B8C31584A}.Release|Any CPU.ActiveCfg = Release|Any CPU
		{79CF3A9F-3C0A-4A57-A74E-EF0B8C31584A}.Release|Any CPU.Build.0 = Release|Any CPU
		{79CF3A9F-3C0A-4A57-A74E-EF0B8C31584A}.Release|x64.ActiveCfg = Release|Any CPU
		{79CF3A9F-3C0A-4A57-A74E-EF0B8C31584A}.Release|x64.Build.0 = Release|Any CPU
		{79CF3A9F-3C0A-4A57-A74E-EF0B8C31584A}.Release|x86.ActiveCfg = Release|Any CPU
		{79CF3A9F-3C0A-4A57-A74E-EF0B8C31584A}.Release|x86.Build.0 = Release|Any CPU
	EndGlobalSection
EndGlobal
